
Microsoft Visual Studio Solution File, Format Version 12.00
# Visual Studio Version 17
VisualStudioVersion = 17.1.31903.286
MinimumVisualStudioVersion = 10.0.40219.1
Project("{FAE04EC0-301F-11D3-BF4B-00C04F79EFBC}") = "Book_API", "Book_API.csproj", "{1547CEA5-4A41-4D53-B6DE-3CD4EF22BD45}"
EndProject
Global
	GlobalSection(SolutionConfigurationPlatforms) = preSolution
		Debug|Any CPU = Debug|Any CPU
		Release|Any CPU = Release|Any CPU
	EndGlobalSection
	GlobalSection(ProjectConfigurationPlatforms) = postSolution
		{1547CEA5-4A41-4D53-B6DE-3CD4EF22BD45}.Debug|Any CPU.ActiveCfg = Debug|Any CPU
		{1547CEA5-4A41-4D53-B6DE-3CD4EF22BD45}.Debug|Any CPU.Build.0 = Debug|Any CPU
		{1547CEA5-4A41-4D53-B6DE-3CD4EF22BD45}.Release|Any CPU.ActiveCfg = Release|Any CPU
		{1547CEA5-4A41-4D53-B6DE-3CD4EF22BD45}.Release|Any CPU.Build.0 = Release|Any CPU
	EndGlobalSection
	GlobalSection(SolutionProperties) = preSolution
		HideSolutionNode = FALSE
	EndGlobalSection
	GlobalSection(ExtensibilityGlobals) = postSolution
		SolutionGuid = {A5EA2B46-F854-42AB-9A57-3AA836ED0E37}
	EndGlobalSection
EndGlobal
